
Microsoft Visual Studio Solution File, Format Version 12.00
# Visual Studio Version 16
VisualStudioVersion = 16.0.29411.108
MinimumVisualStudioVersion = 10.0.40219.1
Project("{FAE04EC0-301F-11D3-BF4B-00C04F79EFBC}") = "EpironAPI", "EpironAPI\EpironAPI.csproj", "{93A591DB-4FBC-4A07-96D5-520BB93B7D41}"
EndProject
Global
	GlobalSection(SolutionConfigurationPlatforms) = preSolution
		Debug|Any CPU = Debug|Any CPU
		Release|Any CPU = Release|Any CPU
	EndGlobalSection
	GlobalSection(ProjectConfigurationPlatforms) = postSolution
		{93A591DB-4FBC-4A07-96D5-520BB93B7D41}.Debug|Any CPU.ActiveCfg = Debug|Any CPU
		{93A591DB-4FBC-4A07-96D5-520BB93B7D41}.Debug|Any CPU.Build.0 = Debug|Any CPU
		{93A591DB-4FBC-4A07-96D5-520BB93B7D41}.Release|Any CPU.ActiveCfg = Release|Any CPU
		{93A591DB-4FBC-4A07-96D5-520BB93B7D41}.Release|Any CPU.Build.0 = Release|Any CPU
	EndGlobalSection
	GlobalSection(SolutionProperties) = preSolution
		HideSolutionNode = FALSE
	EndGlobalSection
	GlobalSection(ExtensibilityGlobals) = postSolution
		EnterpriseLibraryConfigurationToolBinariesPathV6 = packages\EnterpriseLibrary.Common.6.0.1304.0\lib\NET45;packages\EnterpriseLibrary.Data.6.0.1304.0\lib\NET45
		SolutionGuid = {3AB09DAC-5056-4F14-9BCD-EFFF1604B87B}
	EndGlobalSection
EndGlobal
