
Microsoft Visual Studio Solution File, Format Version 12.00
# Visual Studio Version 16
VisualStudioVersion = 16.0.29326.143
MinimumVisualStudioVersion = 10.0.40219.1
Project("{FAE04EC0-301F-11D3-BF4B-00C04F79EFBC}") = "centralizedSecurity.webApi", "centralizedSecurity.webApi\centralizedSecurity.webApi.csproj", "{5A9278F1-8A0C-4B8E-B996-50FB7B88FD80}"
EndProject
Global
	GlobalSection(SolutionConfigurationPlatforms) = preSolution
		Debug|Any CPU = Debug|Any CPU
		Release|Any CPU = Release|Any CPU
	EndGlobalSection
	GlobalSection(ProjectConfigurationPlatforms) = postSolution
		{5A9278F1-8A0C-4B8E-B996-50FB7B88FD80}.Debug|Any CPU.ActiveCfg = Debug|Any CPU
		{5A9278F1-8A0C-4B8E-B996-50FB7B88FD80}.Debug|Any CPU.Build.0 = Debug|Any CPU
		{5A9278F1-8A0C-4B8E-B996-50FB7B88FD80}.Release|Any CPU.ActiveCfg = Release|Any CPU
		{5A9278F1-8A0C-4B8E-B996-50FB7B88FD80}.Release|Any CPU.Build.0 = Release|Any CPU
	EndGlobalSection
	GlobalSection(SolutionProperties) = preSolution
		HideSolutionNode = FALSE
	EndGlobalSection
	GlobalSection(ExtensibilityGlobals) = postSolution
		SolutionGuid = {5780E25B-16C2-4B71-AEC7-421A3C98DC6D}
	EndGlobalSection
EndGlobal
